
Microsoft Visual Studio Solution File, Format Version 12.00
# Visual Studio Version 17
VisualStudioVersion = 17.0.31903.59
MinimumVisualStudioVersion = 10.0.40219.1
Project("{9A19103F-16F7-4668-BE54-9A1E7A4F7556}") = "FirstTest", "FirstTest\FirstTest.csproj", "{9F9A2FE6-0E0C-4E4C-9C0A-C2D5150FAE4B}"
EndProject
Project("{9A19103F-16F7-4668-BE54-9A1E7A4F7556}") = "NetworkUtility", "NetworkUtility\NetworkUtility.csproj", "{70315D0B-451F-4508-8168-F6478BBBA8F0}"
EndProject
Project("{9A19103F-16F7-4668-BE54-9A1E7A4F7556}") = "NetworkUtility.Tests", "NetworkUtility.Tests\NetworkUtility.Tests.csproj", "{3576FA61-6FBA-4829-9EC8-51FCE06AADA1}"
EndProject
Project("{9A19103F-16F7-4668-BE54-9A1E7A4F7556}") = "PokemonReviewApp", "PokemonReviewApp\PokemonReviewApp.csproj", "{90B47A8C-6AB8-4FA0-9327-5AE2A8DD0EF2}"
EndProject
Project("{FAE04EC0-301F-11D3-BF4B-00C04F79EFBC}") = "PokemonReviewApp.Tests", "PokemonReviewApp.Tests\PokemonReviewApp.Tests.csproj", "{CC4E2BCA-1F0A-414C-916B-0BEB8208141E}"
EndProject
Global
	GlobalSection(SolutionConfigurationPlatforms) = preSolution
		Debug|Any CPU = Debug|Any CPU
		Release|Any CPU = Release|Any CPU
	EndGlobalSection
	GlobalSection(ProjectConfigurationPlatforms) = postSolution
		{9F9A2FE6-0E0C-4E4C-9C0A-C2D5150FAE4B}.Debug|Any CPU.ActiveCfg = Debug|Any CPU
		{9F9A2FE6-0E0C-4E4C-9C0A-C2D5150FAE4B}.Debug|Any CPU.Build.0 = Debug|Any CPU
		{9F9A2FE6-0E0C-4E4C-9C0A-C2D5150FAE4B}.Release|Any CPU.ActiveCfg = Release|Any CPU
		{9F9A2FE6-0E0C-4E4C-9C0A-C2D5150FAE4B}.Release|Any CPU.Build.0 = Release|Any CPU
		{70315D0B-451F-4508-8168-F6478BBBA8F0}.Debug|Any CPU.ActiveCfg = Debug|Any CPU
		{70315D0B-451F-4508-8168-F6478BBBA8F0}.Debug|Any CPU.Build.0 = Debug|Any CPU
		{70315D0B-451F-4508-8168-F6478BBBA8F0}.Release|Any CPU.ActiveCfg = Release|Any CPU
		{70315D0B-451F-4508-8168-F6478BBBA8F0}.Release|Any CPU.Build.0 = Release|Any CPU
		{3576FA61-6FBA-4829-9EC8-51FCE06AADA1}.Debug|Any CPU.ActiveCfg = Debug|Any CPU
		{3576FA61-6FBA-4829-9EC8-51FCE06AADA1}.Debug|Any CPU.Build.0 = Debug|Any CPU
		{3576FA61-6FBA-4829-9EC8-51FCE06AADA1}.Release|Any CPU.ActiveCfg = Release|Any CPU
		{3576FA61-6FBA-4829-9EC8-51FCE06AADA1}.Release|Any CPU.Build.0 = Release|Any CPU
		{90B47A8C-6AB8-4FA0-9327-5AE2A8DD0EF2}.Debug|Any CPU.ActiveCfg = Debug|Any CPU
		{90B47A8C-6AB8-4FA0-9327-5AE2A8DD0EF2}.Debug|Any CPU.Build.0 = Debug|Any CPU
		{90B47A8C-6AB8-4FA0-9327-5AE2A8DD0EF2}.Release|Any CPU.ActiveCfg = Release|Any CPU
		{90B47A8C-6AB8-4FA0-9327-5AE2A8DD0EF2}.Release|Any CPU.Build.0 = Release|Any CPU
		{CC4E2BCA-1F0A-414C-916B-0BEB8208141E}.Debug|Any CPU.ActiveCfg = Debug|Any CPU
		{CC4E2BCA-1F0A-414C-916B-0BEB8208141E}.Debug|Any CPU.Build.0 = Debug|Any CPU
		{CC4E2BCA-1F0A-414C-916B-0BEB8208141E}.Release|Any CPU.ActiveCfg = Release|Any CPU
		{CC4E2BCA-1F0A-414C-916B-0BEB8208141E}.Release|Any CPU.Build.0 = Release|Any CPU
	EndGlobalSection
	GlobalSection(SolutionProperties) = preSolution
		HideSolutionNode = FALSE
	EndGlobalSection
	GlobalSection(ExtensibilityGlobals) = postSolution
		SolutionGuid = {EDE63018-1D53-4D0B-AF93-E5E95842AE62}
	EndGlobalSection
EndGlobal
